
Microsoft Visual Studio Solution File, Format Version 12.00
# Visual Studio Version 16
VisualStudioVersion = 16.0.29728.190
MinimumVisualStudioVersion = 10.0.40219.1
Project("{8BC9CEB8-8B4A-11D0-8D11-00A0C91BC942}") = "OSRBuddy", "OSRBuddy\OSRBuddy.vcxproj", "{CA7D2187-3104-40F6-B279-C2178C007AF7}"
EndProject
Global
	GlobalSection(SolutionConfigurationPlatforms) = preSolution
		D_Arario_Jpn|x64 = D_Arario_Jpn|x64
		D_Arario_Jpn|x86 = D_Arario_Jpn|x86
		D_Gameforge4D_Deu|x64 = D_Gameforge4D_Deu|x64
		D_Gameforge4D_Deu|x86 = D_Gameforge4D_Deu|x86
		D_Gameforge4D_Eng|x64 = D_Gameforge4D_Eng|x64
		D_Gameforge4D_Eng|x86 = D_Gameforge4D_Eng|x86
		D_Gameforge4D_Esp|x64 = D_Gameforge4D_Esp|x64
		D_Gameforge4D_Esp|x86 = D_Gameforge4D_Esp|x86
		D_Gameforge4D_France|x64 = D_Gameforge4D_France|x64
		D_Gameforge4D_France|x86 = D_Gameforge4D_France|x86
		D_Gameforge4D_Italian|x64 = D_Gameforge4D_Italian|x64
		D_Gameforge4D_Italian|x86 = D_Gameforge4D_Italian|x86
		D_Gameforge4D_Pol|x64 = D_Gameforge4D_Pol|x64
		D_Gameforge4D_Pol|x86 = D_Gameforge4D_Pol|x86
		D_Gameforge4D_Turkish|x64 = D_Gameforge4D_Turkish|x64
		D_Gameforge4D_Turkish|x86 = D_Gameforge4D_Turkish|x86
		D_Innova_Rus|x64 = D_Innova_Rus|x64
		D_Innova_Rus|x86 = D_Innova_Rus|x86
		D_Intecom_Viet|x64 = D_Intecom_Viet|x64
		D_Intecom_Viet|x86 = D_Intecom_Viet|x86
		D_LIN_Arg|x64 = D_LIN_Arg|x64
		D_LIN_Arg|x86 = D_LIN_Arg|x86
		D_Netpower_Tpe|x64 = D_Netpower_Tpe|x64
		D_Netpower_Tpe|x86 = D_Netpower_Tpe|x86
		D_Test140|x64 = D_Test140|x64
		D_Test140|x86 = D_Test140|x86
		D_Wikigames_Eng|x64 = D_Wikigames_Eng|x64
		D_Wikigames_Eng|x86 = D_Wikigames_Eng|x86
		D_WinnerOnline_IDN|x64 = D_WinnerOnline_IDN|x64
		D_WinnerOnline_IDN|x86 = D_WinnerOnline_IDN|x86
		D_WinnerOnline_SGP|x64 = D_WinnerOnline_SGP|x64
		D_WinnerOnline_SGP|x86 = D_WinnerOnline_SGP|x86
		D_WinnerOnline_Tha|x64 = D_WinnerOnline_Tha|x64
		D_WinnerOnline_Tha|x86 = D_WinnerOnline_Tha|x86
		D_Yedang_Kor|x64 = D_Yedang_Kor|x64
		D_Yedang_Kor|x86 = D_Yedang_Kor|x86
		D_Yetime_Chn|x64 = D_Yetime_Chn|x64
		D_Yetime_Chn|x86 = D_Yetime_Chn|x86
		Debug_FunctionLog|x64 = Debug_FunctionLog|x64
		Debug_FunctionLog|x86 = Debug_FunctionLog|x86
		Debug_MapSetting|x64 = Debug_MapSetting|x64
		Debug_MapSetting|x86 = Debug_MapSetting|x86
		Debug_ScreenShot|x64 = Debug_ScreenShot|x64
		Debug_ScreenShot|x86 = Debug_ScreenShot|x86
		Debug|x64 = Debug|x64
		Debug|x86 = Debug|x86
		ProjectAtum_For_TestServer|x64 = ProjectAtum_For_TestServer|x64
		ProjectAtum_For_TestServer|x86 = ProjectAtum_For_TestServer|x86
		R_Arario_Jpn|x64 = R_Arario_Jpn|x64
		R_Arario_Jpn|x86 = R_Arario_Jpn|x86
		R_Gameforge4D_Deu|x64 = R_Gameforge4D_Deu|x64
		R_Gameforge4D_Deu|x86 = R_Gameforge4D_Deu|x86
		R_Gameforge4D_Eng|x64 = R_Gameforge4D_Eng|x64
		R_Gameforge4D_Eng|x86 = R_Gameforge4D_Eng|x86
		R_Gameforge4D_Esp|x64 = R_Gameforge4D_Esp|x64
		R_Gameforge4D_Esp|x86 = R_Gameforge4D_Esp|x86
		R_Gameforge4D_France|x64 = R_Gameforge4D_France|x64
		R_Gameforge4D_France|x86 = R_Gameforge4D_France|x86
		R_Gameforge4D_Italian|x64 = R_Gameforge4D_Italian|x64
		R_Gameforge4D_Italian|x86 = R_Gameforge4D_Italian|x86
		R_Gameforge4D_Pol|x64 = R_Gameforge4D_Pol|x64
		R_Gameforge4D_Pol|x86 = R_Gameforge4D_Pol|x86
		R_Gameforge4D_Turkish|x64 = R_Gameforge4D_Turkish|x64
		R_Gameforge4D_Turkish|x86 = R_Gameforge4D_Turkish|x86
		R_Innova_Rus|x64 = R_Innova_Rus|x64
		R_Innova_Rus|x86 = R_Innova_Rus|x86
		R_Intecom_Viet|x64 = R_Intecom_Viet|x64
		R_Intecom_Viet|x86 = R_Intecom_Viet|x86
		R_LIN_Arg|x64 = R_LIN_Arg|x64
		R_LIN_Arg|x86 = R_LIN_Arg|x86
		R_Netpower_Tpe|x64 = R_Netpower_Tpe|x64
		R_Netpower_Tpe|x86 = R_Netpower_Tpe|x86
		R_Test140|x64 = R_Test140|x64
		R_Test140|x86 = R_Test140|x86
		R_Wikigames_Eng|x64 = R_Wikigames_Eng|x64
		R_Wikigames_Eng|x86 = R_Wikigames_Eng|x86
		R_WinnerOnline_IDN|x64 = R_WinnerOnline_IDN|x64
		R_WinnerOnline_IDN|x86 = R_WinnerOnline_IDN|x86
		R_WinnerOnline_SGP|x64 = R_WinnerOnline_SGP|x64
		R_WinnerOnline_SGP|x86 = R_WinnerOnline_SGP|x86
		R_WinnerOnline_Tha|x64 = R_WinnerOnline_Tha|x64
		R_WinnerOnline_Tha|x86 = R_WinnerOnline_Tha|x86
		R_Yedang_Kor|x64 = R_Yedang_Kor|x64
		R_Yedang_Kor|x86 = R_Yedang_Kor|x86
		R_Yetime_Chn|x64 = R_Yetime_Chn|x64
		R_Yetime_Chn|x86 = R_Yetime_Chn|x86
		Release_Effect|x64 = Release_Effect|x64
		Release_Effect|x86 = Release_Effect|x86
		Release_FunctionLog|x64 = Release_FunctionLog|x64
		Release_FunctionLog|x86 = Release_FunctionLog|x86
		Release|x64 = Release|x64
		Release|x86 = Release|x86
		Template|x64 = Template|x64
		Template|x86 = Template|x86
	EndGlobalSection
	GlobalSection(ProjectConfigurationPlatforms) = postSolution
		{CA7D2187-3104-40F6-B279-C2178C007AF7}.D_Arario_Jpn|x64.ActiveCfg = Debug|Win32
		{CA7D2187-3104-40F6-B279-C2178C007AF7}.D_Arario_Jpn|x64.Build.0 = Debug|Win32
		{CA7D2187-3104-40F6-B279-C2178C007AF7}.D_Arario_Jpn|x86.ActiveCfg = Debug|Win32
		{CA7D2187-3104-40F6-B279-C2178C007AF7}.D_Arario_Jpn|x86.Build.0 = Debug|Win32
		{CA7D2187-3104-40F6-B279-C2178C007AF7}.D_Gameforge4D_Deu|x64.ActiveCfg = Debug|Win32
		{CA7D2187-3104-40F6-B279-C2178C007AF7}.D_Gameforge4D_Deu|x64.Build.0 = Debug|Win32
		{CA7D2187-3104-40F6-B279-C2178C007AF7}.D_Gameforge4D_Deu|x86.ActiveCfg = Debug|Win32
		{CA7D2187-3104-40F6-B279-C2178C007AF7}.D_Gameforge4D_Deu|x86.Build.0 = Debug|Win32
		{CA7D2187-3104-40F6-B279-C2178C007AF7}.D_Gameforge4D_Eng|x64.ActiveCfg = Debug|Win32
		{CA7D2187-3104-40F6-B279-C2178C007AF7}.D_Gameforge4D_Eng|x64.Build.0 = Debug|Win32
		{CA7D2187-3104-40F6-B279-C2178C007AF7}.D_Gameforge4D_Eng|x86.ActiveCfg = Debug|Win32
		{CA7D2187-3104-40F6-B279-C2178C007AF7}.D_Gameforge4D_Eng|x86.Build.0 = Debug|Win32
		{CA7D2187-3104-40F6-B279-C2178C007AF7}.D_Gameforge4D_Esp|x64.ActiveCfg = Debug|Win32
		{CA7D2187-3104-40F6-B279-C2178C007AF7}.D_Gameforge4D_Esp|x64.Build.0 = Debug|Win32
		{CA7D2187-3104-40F6-B279-C2178C007AF7}.D_Gameforge4D_Esp|x86.ActiveCfg = Debug|Win32
		{CA7D2187-3104-40F6-B279-C2178C007AF7}.D_Gameforge4D_Esp|x86.Build.0 = Debug|Win32
		{CA7D2187-3104-40F6-B279-C2178C007AF7}.D_Gameforge4D_France|x64.ActiveCfg = Debug|Win32
		{CA7D2187-3104-40F6-B279-C2178C007AF7}.D_Gameforge4D_France|x64.Build.0 = Debug|Win32
		{CA7D2187-3104-40F6-B279-C2178C007AF7}.D_Gameforge4D_France|x86.ActiveCfg = Debug|Win32
		{CA7D2187-3104-40F6-B279-C2178C007AF7}.D_Gameforge4D_France|x86.Build.0 = Debug|Win32
		{CA7D2187-3104-40F6-B279-C2178C007AF7}.D_Gameforge4D_Italian|x64.ActiveCfg = Debug|Win32
		{CA7D2187-3104-40F6-B279-C2178C007AF7}.D_Gameforge4D_Italian|x64.Build.0 = Debug|Win32
		{CA7D2187-3104-40F6-B279-C2178C007AF7}.D_Gameforge4D_Italian|x86.ActiveCfg = Debug|Win32
		{CA7D2187-3104-40F6-B279-C2178C007AF7}.D_Gameforge4D_Italian|x86.Build.0 = Debug|Win32
		{CA7D2187-3104-40F6-B279-C2178C007AF7}.D_Gameforge4D_Pol|x64.ActiveCfg = Debug|Win32
		{CA7D2187-3104-40F6-B279-C2178C007AF7}.D_Gameforge4D_Pol|x64.Build.0 = Debug|Win32
		{CA7D2187-3104-40F6-B279-C2178C007AF7}.D_Gameforge4D_Pol|x86.ActiveCfg = Debug|Win32
		{CA7D2187-3104-40F6-B279-C2178C007AF7}.D_Gameforge4D_Pol|x86.Build.0 = Debug|Win32
		{CA7D2187-3104-40F6-B279-C2178C007AF7}.D_Gameforge4D_Turkish|x64.ActiveCfg = Debug|Win32
		{CA7D2187-3104-40F6-B279-C2178C007AF7}.D_Gameforge4D_Turkish|x64.Build.0 = Debug|Win32
		{CA7D2187-3104-40F6-B279-C2178C007AF7}.D_Gameforge4D_Turkish|x86.ActiveCfg = Debug|Win32
		{CA7D2187-3104-40F6-B279-C2178C007AF7}.D_Gameforge4D_Turkish|x86.Build.0 = Debug|Win32
		{CA7D2187-3104-40F6-B279-C2178C007AF7}.D_Innova_Rus|x64.ActiveCfg = Debug|Win32
		{CA7D2187-3104-40F6-B279-C2178C007AF7}.D_Innova_Rus|x64.Build.0 = Debug|Win32
		{CA7D2187-3104-40F6-B279-C2178C007AF7}.D_Innova_Rus|x86.ActiveCfg = Debug|Win32
		{CA7D2187-3104-40F6-B279-C2178C007AF7}.D_Innova_Rus|x86.Build.0 = Debug|Win32
		{CA7D2187-3104-40F6-B279-C2178C007AF7}.D_Intecom_Viet|x64.ActiveCfg = Debug|Win32
		{CA7D2187-3104-40F6-B279-C2178C007AF7}.D_Intecom_Viet|x64.Build.0 = Debug|Win32
		{CA7D2187-3104-40F6-B279-C2178C007AF7}.D_Intecom_Viet|x86.ActiveCfg = Debug|Win32
		{CA7D2187-3104-40F6-B279-C2178C007AF7}.D_Intecom_Viet|x86.Build.0 = Debug|Win32
		{CA7D2187-3104-40F6-B279-C2178C007AF7}.D_LIN_Arg|x64.ActiveCfg = Debug|Win32
		{CA7D2187-3104-40F6-B279-C2178C007AF7}.D_LIN_Arg|x64.Build.0 = Debug|Win32
		{CA7D2187-3104-40F6-B279-C2178C007AF7}.D_LIN_Arg|x86.ActiveCfg = Debug|Win32
		{CA7D2187-3104-40F6-B279-C2178C007AF7}.D_LIN_Arg|x86.Build.0 = Debug|Win32
		{CA7D2187-3104-40F6-B279-C2178C007AF7}.D_Netpower_Tpe|x64.ActiveCfg = Debug|Win32
		{CA7D2187-3104-40F6-B279-C2178C007AF7}.D_Netpower_Tpe|x64.Build.0 = Debug|Win32
		{CA7D2187-3104-40F6-B279-C2178C007AF7}.D_Netpower_Tpe|x86.ActiveCfg = Debug|Win32
		{CA7D2187-3104-40F6-B279-C2178C007AF7}.D_Netpower_Tpe|x86.Build.0 = Debug|Win32
		{CA7D2187-3104-40F6-B279-C2178C007AF7}.D_Test140|x64.ActiveCfg = Debug|Win32
		{CA7D2187-3104-40F6-B279-C2178C007AF7}.D_Test140|x64.Build.0 = Debug|Win32
		{CA7D2187-3104-40F6-B279-C2178C007AF7}.D_Test140|x86.ActiveCfg = Debug|Win32
		{CA7D2187-3104-40F6-B279-C2178C007AF7}.D_Test140|x86.Build.0 = Debug|Win32
		{CA7D2187-3104-40F6-B279-C2178C007AF7}.D_Wikigames_Eng|x64.ActiveCfg = Debug|Win32
		{CA7D2187-3104-40F6-B279-C2178C007AF7}.D_Wikigames_Eng|x64.Build.0 = Debug|Win32
		{CA7D2187-3104-40F6-B279-C2178C007AF7}.D_Wikigames_Eng|x86.ActiveCfg = Debug|Win32
		{CA7D2187-3104-40F6-B279-C2178C007AF7}.D_Wikigames_Eng|x86.Build.0 = Debug|Win32
		{CA7D2187-3104-40F6-B279-C2178C007AF7}.D_WinnerOnline_IDN|x64.ActiveCfg = Debug|Win32
		{CA7D2187-3104-40F6-B279-C2178C007AF7}.D_WinnerOnline_IDN|x64.Build.0 = Debug|Win32
		{CA7D2187-3104-40F6-B279-C2178C007AF7}.D_WinnerOnline_IDN|x86.ActiveCfg = Debug|Win32
		{CA7D2187-3104-40F6-B279-C2178C007AF7}.D_WinnerOnline_IDN|x86.Build.0 = Debug|Win32
		{CA7D2187-3104-40F6-B279-C2178C007AF7}.D_WinnerOnline_SGP|x64.ActiveCfg = Debug|Win32
		{CA7D2187-3104-40F6-B279-C2178C007AF7}.D_WinnerOnline_SGP|x64.Build.0 = Debug|Win32
		{CA7D2187-3104-40F6-B279-C2178C007AF7}.D_WinnerOnline_SGP|x86.ActiveCfg = Debug|Win32
		{CA7D2187-3104-40F6-B279-C2178C007AF7}.D_WinnerOnline_SGP|x86.Build.0 = Debug|Win32
		{CA7D2187-3104-40F6-B279-C2178C007AF7}.D_WinnerOnline_Tha|x64.ActiveCfg = Debug|Win32
		{CA7D2187-3104-40F6-B279-C2178C007AF7}.D_WinnerOnline_Tha|x64.Build.0 = Debug|Win32
		{CA7D2187-3104-40F6-B279-C2178C007AF7}.D_WinnerOnline_Tha|x86.ActiveCfg = Debug|Win32
		{CA7D2187-3104-40F6-B279-C2178C007AF7}.D_WinnerOnline_Tha|x86.Build.0 = Debug|Win32
		{CA7D2187-3104-40F6-B279-C2178C007AF7}.D_Yedang_Kor|x64.ActiveCfg = Debug|Win32
		{CA7D2187-3104-40F6-B279-C2178C007AF7}.D_Yedang_Kor|x64.Build.0 = Debug|Win32
		{CA7D2187-3104-40F6-B279-C2178C007AF7}.D_Yedang_Kor|x86.ActiveCfg = Debug|Win32
		{CA7D2187-3104-40F6-B279-C2178C007AF7}.D_Yedang_Kor|x86.Build.0 = Debug|Win32
		{CA7D2187-3104-40F6-B279-C2178C007AF7}.D_Yetime_Chn|x64.ActiveCfg = Debug|Win32
		{CA7D2187-3104-40F6-B279-C2178C007AF7}.D_Yetime_Chn|x64.Build.0 = Debug|Win32
		{CA7D2187-3104-40F6-B279-C2178C007AF7}.D_Yetime_Chn|x86.ActiveCfg = Debug|Win32
		{CA7D2187-3104-40F6-B279-C2178C007AF7}.D_Yetime_Chn|x86.Build.0 = Debug|Win32
		{CA7D2187-3104-40F6-B279-C2178C007AF7}.Debug_FunctionLog|x64.ActiveCfg = Debug|Win32
		{CA7D2187-3104-40F6-B279-C2178C007AF7}.Debug_FunctionLog|x64.Build.0 = Debug|Win32
		{CA7D2187-3104-40F6-B279-C2178C007AF7}.Debug_FunctionLog|x86.ActiveCfg = Debug|Win32
		{CA7D2187-3104-40F6-B279-C2178C007AF7}.Debug_FunctionLog|x86.Build.0 = Debug|Win32
		{CA7D2187-3104-40F6-B279-C2178C007AF7}.Debug_MapSetting|x64.ActiveCfg = Debug|Win32
		{CA7D2187-3104-40F6-B279-C2178C007AF7}.Debug_MapSetting|x64.Build.0 = Debug|Win32
		{CA7D2187-3104-40F6-B279-C2178C007AF7}.Debug_MapSetting|x86.ActiveCfg = Debug|Win32
		{CA7D2187-3104-40F6-B279-C2178C007AF7}.Debug_MapSetting|x86.Build.0 = Debug|Win32
		{CA7D2187-3104-40F6-B279-C2178C007AF7}.Debug_ScreenShot|x64.ActiveCfg = Debug|Win32
		{CA7D2187-3104-40F6-B279-C2178C007AF7}.Debug_ScreenShot|x64.Build.0 = Debug|Win32
		{CA7D2187-3104-40F6-B279-C2178C007AF7}.Debug_ScreenShot|x86.ActiveCfg = Debug|Win32
		{CA7D2187-3104-40F6-B279-C2178C007AF7}.Debug_ScreenShot|x86.Build.0 = Debug|Win32
		{CA7D2187-3104-40F6-B279-C2178C007AF7}.Debug|x64.ActiveCfg = Debug|Win32
		{CA7D2187-3104-40F6-B279-C2178C007AF7}.Debug|x64.Build.0 = Debug|Win32
		{CA7D2187-3104-40F6-B279-C2178C007AF7}.Debug|x86.ActiveCfg = Debug|Win32
		{CA7D2187-3104-40F6-B279-C2178C007AF7}.Debug|x86.Build.0 = Debug|Win32
		{CA7D2187-3104-40F6-B279-C2178C007AF7}.ProjectAtum_For_TestServer|x64.ActiveCfg = Debug|Win32
		{CA7D2187-3104-40F6-B279-C2178C007AF7}.ProjectAtum_For_TestServer|x64.Build.0 = Debug|Win32
		{CA7D2187-3104-40F6-B279-C2178C007AF7}.ProjectAtum_For_TestServer|x86.ActiveCfg = Release|Win32
		{CA7D2187-3104-40F6-B279-C2178C007AF7}.ProjectAtum_For_TestServer|x86.Build.0 = Release|Win32
		{CA7D2187-3104-40F6-B279-C2178C007AF7}.R_Arario_Jpn|x64.ActiveCfg = Debug|Win32
		{CA7D2187-3104-40F6-B279-C2178C007AF7}.R_Arario_Jpn|x64.Build.0 = Debug|Win32
		{CA7D2187-3104-40F6-B279-C2178C007AF7}.R_Arario_Jpn|x86.ActiveCfg = Release|Win32
		{CA7D2187-3104-40F6-B279-C2178C007AF7}.R_Arario_Jpn|x86.Build.0 = Release|Win32
		{CA7D2187-3104-40F6-B279-C2178C007AF7}.R_Gameforge4D_Deu|x64.ActiveCfg = Debug|Win32
		{CA7D2187-3104-40F6-B279-C2178C007AF7}.R_Gameforge4D_Deu|x64.Build.0 = Debug|Win32
		{CA7D2187-3104-40F6-B279-C2178C007AF7}.R_Gameforge4D_Deu|x86.ActiveCfg = Release|Win32
		{CA7D2187-3104-40F6-B279-C2178C007AF7}.R_Gameforge4D_Deu|x86.Build.0 = Release|Win32
		{CA7D2187-3104-40F6-B279-C2178C007AF7}.R_Gameforge4D_Eng|x64.ActiveCfg = Debug|Win32
		{CA7D2187-3104-40F6-B279-C2178C007AF7}.R_Gameforge4D_Eng|x64.Build.0 = Debug|Win32
		{CA7D2187-3104-40F6-B279-C2178C007AF7}.R_Gameforge4D_Eng|x86.ActiveCfg = Release|Win32
		{CA7D2187-3104-40F6-B279-C2178C007AF7}.R_Gameforge4D_Eng|x86.Build.0 = Release|Win32
		{CA7D2187-3104-40F6-B279-C2178C007AF7}.R_Gameforge4D_Esp|x64.ActiveCfg = Debug|Win32
		{CA7D2187-3104-40F6-B279-C2178C007AF7}.R_Gameforge4D_Esp|x64.Build.0 = Debug|Win32
		{CA7D2187-3104-40F6-B279-C2178C007AF7}.R_Gameforge4D_Esp|x86.ActiveCfg = Release|Win32
		{CA7D2187-3104-40F6-B279-C2178C007AF7}.R_Gameforge4D_Esp|x86.Build.0 = Release|Win32
		{CA7D2187-3104-40F6-B279-C2178C007AF7}.R_Gameforge4D_France|x64.ActiveCfg = Debug|Win32
		{CA7D2187-3104-40F6-B279-C2178C007AF7}.R_Gameforge4D_France|x64.Build.0 = Debug|Win32
		{CA7D2187-3104-40F6-B279-C2178C007AF7}.R_Gameforge4D_France|x86.ActiveCfg = Release|Win32
		{CA7D2187-3104-40F6-B279-C2178C007AF7}.R_Gameforge4D_France|x86.Build.0 = Release|Win32
		{CA7D2187-3104-40F6-B279-C2178C007AF7}.R_Gameforge4D_Italian|x64.ActiveCfg = Debug|Win32
		{CA7D2187-3104-40F6-B279-C2178C007AF7}.R_Gameforge4D_Italian|x64.Build.0 = Debug|Win32
		{CA7D2187-3104-40F6-B279-C2178C007AF7}.R_Gameforge4D_Italian|x86.ActiveCfg = Release|Win32
		{CA7D2187-3104-40F6-B279-C2178C007AF7}.R_Gameforge4D_Italian|x86.Build.0 = Release|Win32
		{CA7D2187-3104-40F6-B279-C2178C007AF7}.R_Gameforge4D_Pol|x64.ActiveCfg = Debug|Win32
		{CA7D2187-3104-40F6-B279-C2178C007AF7}.R_Gameforge4D_Pol|x64.Build.0 = Debug|Win32
		{CA7D2187-3104-40F6-B279-C2178C007AF7}.R_Gameforge4D_Pol|x86.ActiveCfg = Release|Win32
		{CA7D2187-3104-40F6-B279-C2178C007AF7}.R_Gameforge4D_Pol|x86.Build.0 = Release|Win32
		{CA7D2187-3104-40F6-B279-C2178C007AF7}.R_Gameforge4D_Turkish|x64.ActiveCfg = Debug|Win32
		{CA7D2187-3104-40F6-B279-C2178C007AF7}.R_Gameforge4D_Turkish|x64.Build.0 = Debug|Win32
		{CA7D2187-3104-40F6-B279-C2178C007AF7}.R_Gameforge4D_Turkish|x86.ActiveCfg = Release|Win32
		{CA7D2187-3104-40F6-B279-C2178C007AF7}.R_Gameforge4D_Turkish|x86.Build.0 = Release|Win32
		{CA7D2187-3104-40F6-B279-C2178C007AF7}.R_Innova_Rus|x64.ActiveCfg = Debug|Win32
		{CA7D2187-3104-40F6-B279-C2178C007AF7}.R_Innova_Rus|x64.Build.0 = Debug|Win32
		{CA7D2187-3104-40F6-B279-C2178C007AF7}.R_Innova_Rus|x86.ActiveCfg = Release|Win32
		{CA7D2187-3104-40F6-B279-C2178C007AF7}.R_Innova_Rus|x86.Build.0 = Release|Win32
		{CA7D2187-3104-40F6-B279-C2178C007AF7}.R_Intecom_Viet|x64.ActiveCfg = Debug|Win32
		{CA7D2187-3104-40F6-B279-C2178C007AF7}.R_Intecom_Viet|x64.Build.0 = Debug|Win32
		{CA7D2187-3104-40F6-B279-C2178C007AF7}.R_Intecom_Viet|x86.ActiveCfg = Release|Win32
		{CA7D2187-3104-40F6-B279-C2178C007AF7}.R_Intecom_Viet|x86.Build.0 = Release|Win32
		{CA7D2187-3104-40F6-B279-C2178C007AF7}.R_LIN_Arg|x64.ActiveCfg = Debug|Win32
		{CA7D2187-3104-40F6-B279-C2178C007AF7}.R_LIN_Arg|x64.Build.0 = Debug|Win32
		{CA7D2187-3104-40F6-B279-C2178C007AF7}.R_LIN_Arg|x86.ActiveCfg = Release|Win32
		{CA7D2187-3104-40F6-B279-C2178C007AF7}.R_LIN_Arg|x86.Build.0 = Release|Win32
		{CA7D2187-3104-40F6-B279-C2178C007AF7}.R_Netpower_Tpe|x64.ActiveCfg = Debug|Win32
		{CA7D2187-3104-40F6-B279-C2178C007AF7}.R_Netpower_Tpe|x64.Build.0 = Debug|Win32
		{CA7D2187-3104-40F6-B279-C2178C007AF7}.R_Netpower_Tpe|x86.ActiveCfg = Release|Win32
		{CA7D2187-3104-40F6-B279-C2178C007AF7}.R_Netpower_Tpe|x86.Build.0 = Release|Win32
		{CA7D2187-3104-40F6-B279-C2178C007AF7}.R_Test140|x64.ActiveCfg = Debug|Win32
		{CA7D2187-3104-40F6-B279-C2178C007AF7}.R_Test140|x64.Build.0 = Debug|Win32
		{CA7D2187-3104-40F6-B279-C2178C007AF7}.R_Test140|x86.ActiveCfg = Release|Win32
		{CA7D2187-3104-40F6-B279-C2178C007AF7}.R_Test140|x86.Build.0 = Release|Win32
		{CA7D2187-3104-40F6-B279-C2178C007AF7}.R_Wikigames_Eng|x64.ActiveCfg = Debug|Win32
		{CA7D2187-3104-40F6-B279-C2178C007AF7}.R_Wikigames_Eng|x64.Build.0 = Debug|Win32
		{CA7D2187-3104-40F6-B279-C2178C007AF7}.R_Wikigames_Eng|x86.ActiveCfg = Release|Win32
		{CA7D2187-3104-40F6-B279-C2178C007AF7}.R_Wikigames_Eng|x86.Build.0 = Release|Win32
		{CA7D2187-3104-40F6-B279-C2178C007AF7}.R_WinnerOnline_IDN|x64.ActiveCfg = Debug|Win32
		{CA7D2187-3104-40F6-B279-C2178C007AF7}.R_WinnerOnline_IDN|x64.Build.0 = Debug|Win32
		{CA7D2187-3104-40F6-B279-C2178C007AF7}.R_WinnerOnline_IDN|x86.ActiveCfg = Release|Win32
		{CA7D2187-3104-40F6-B279-C2178C007AF7}.R_WinnerOnline_IDN|x86.Build.0 = Release|Win32
		{CA7D2187-3104-40F6-B279-C2178C007AF7}.R_WinnerOnline_SGP|x64.ActiveCfg = Debug|Win32
		{CA7D2187-3104-40F6-B279-C2178C007AF7}.R_WinnerOnline_SGP|x64.Build.0 = Debug|Win32
		{CA7D2187-3104-40F6-B279-C2178C007AF7}.R_WinnerOnline_SGP|x86.ActiveCfg = Release|Win32
		{CA7D2187-3104-40F6-B279-C2178C007AF7}.R_WinnerOnline_SGP|x86.Build.0 = Release|Win32
		{CA7D2187-3104-40F6-B279-C2178C007AF7}.R_WinnerOnline_Tha|x64.ActiveCfg = Debug|Win32
		{CA7D2187-3104-40F6-B279-C2178C007AF7}.R_WinnerOnline_Tha|x64.Build.0 = Debug|Win32
		{CA7D2187-3104-40F6-B279-C2178C007AF7}.R_WinnerOnline_Tha|x86.ActiveCfg = Release|Win32
		{CA7D2187-3104-40F6-B279-C2178C007AF7}.R_WinnerOnline_Tha|x86.Build.0 = Release|Win32
		{CA7D2187-3104-40F6-B279-C2178C007AF7}.R_Yedang_Kor|x64.ActiveCfg = Debug|Win32
		{CA7D2187-3104-40F6-B279-C2178C007AF7}.R_Yedang_Kor|x64.Build.0 = Debug|Win32
		{CA7D2187-3104-40F6-B279-C2178C007AF7}.R_Yedang_Kor|x86.ActiveCfg = Release|Win32
		{CA7D2187-3104-40F6-B279-C2178C007AF7}.R_Yedang_Kor|x86.Build.0 = Release|Win32
		{CA7D2187-3104-40F6-B279-C2178C007AF7}.R_Yetime_Chn|x64.ActiveCfg = Debug|Win32
		{CA7D2187-3104-40F6-B279-C2178C007AF7}.R_Yetime_Chn|x64.Build.0 = Debug|Win32
		{CA7D2187-3104-40F6-B279-C2178C007AF7}.R_Yetime_Chn|x86.ActiveCfg = Release|Win32
		{CA7D2187-3104-40F6-B279-C2178C007AF7}.R_Yetime_Chn|x86.Build.0 = Release|Win32
		{CA7D2187-3104-40F6-B279-C2178C007AF7}.Release_Effect|x64.ActiveCfg = Debug|Win32
		{CA7D2187-3104-40F6-B279-C2178C007AF7}.Release_Effect|x64.Build.0 = Debug|Win32
		{CA7D2187-3104-40F6-B279-C2178C007AF7}.Release_Effect|x86.ActiveCfg = Release|Win32
		{CA7D2187-3104-40F6-B279-C2178C007AF7}.Release_Effect|x86.Build.0 = Release|Win32
		{CA7D2187-3104-40F6-B279-C2178C007AF7}.Release_FunctionLog|x64.ActiveCfg = Debug|Win32
		{CA7D2187-3104-40F6-B279-C2178C007AF7}.Release_FunctionLog|x64.Build.0 = Debug|Win32
		{CA7D2187-3104-40F6-B279-C2178C007AF7}.Release_FunctionLog|x86.ActiveCfg = Release|Win32
		{CA7D2187-3104-40F6-B279-C2178C007AF7}.Release_FunctionLog|x86.Build.0 = Release|Win32
		{CA7D2187-3104-40F6-B279-C2178C007AF7}.Release|x64.ActiveCfg = Debug|Win32
		{CA7D2187-3104-40F6-B279-C2178C007AF7}.Release|x64.Build.0 = Debug|Win32
		{CA7D2187-3104-40F6-B279-C2178C007AF7}.Release|x86.ActiveCfg = Release|Win32
		{CA7D2187-3104-40F6-B279-C2178C007AF7}.Release|x86.Build.0 = Release|Win32
		{CA7D2187-3104-40F6-B279-C2178C007AF7}.Template|x64.ActiveCfg = Debug|Win32
		{CA7D2187-3104-40F6-B279-C2178C007AF7}.Template|x64.Build.0 = Debug|Win32
		{CA7D2187-3104-40F6-B279-C2178C007AF7}.Template|x86.ActiveCfg = Release|Win32
		{CA7D2187-3104-40F6-B279-C2178C007AF7}.Template|x86.Build.0 = Release|Win32
	EndGlobalSection
	GlobalSection(SolutionProperties) = preSolution
		HideSolutionNode = FALSE
	EndGlobalSection
	GlobalSection(ExtensibilityGlobals) = postSolution
		SolutionGuid = {0C1EACC1-1E18-4CD6-880F-B45600A3B191}
	EndGlobalSection
EndGlobal
