
Microsoft Visual Studio Solution File, Format Version 12.00
# Visual Studio Version 16
VisualStudioVersion = 16.0.29728.190
MinimumVisualStudioVersion = 10.0.40219.1
Project("{8BC9CEB8-8B4A-11D0-8D11-00A0C91BC942}") = "OSRBuddy", "OSRBuddy\OSRBuddy.vcxproj", "{CA7D2187-3104-40F6-B279-C2178C007AF7}"
EndProject
Global
	GlobalSection(SolutionConfigurationPlatforms) = preSolution
		R_Debug|x86 = R_Debug|x86
		R_External|x86 = R_External|x86
		R_Full|x86 = R_Full|x86
		R_Sethia|x86 = R_Sethia|x86
	EndGlobalSection
	GlobalSection(ProjectConfigurationPlatforms) = postSolution
		{CA7D2187-3104-40F6-B279-C2178C007AF7}.R_Debug|x86.ActiveCfg = R_Debug|Win32
		{CA7D2187-3104-40F6-B279-C2178C007AF7}.R_Debug|x86.Build.0 = R_Debug|Win32
		{CA7D2187-3104-40F6-B279-C2178C007AF7}.R_External|x86.ActiveCfg = R_External|Win32
		{CA7D2187-3104-40F6-B279-C2178C007AF7}.R_External|x86.Build.0 = R_External|Win32
		{CA7D2187-3104-40F6-B279-C2178C007AF7}.R_Full|x86.ActiveCfg = R_Full|Win32
		{CA7D2187-3104-40F6-B279-C2178C007AF7}.R_Full|x86.Build.0 = R_Full|Win32
		{CA7D2187-3104-40F6-B279-C2178C007AF7}.R_Sethia|x86.ActiveCfg = R_Sethia|Win32
		{CA7D2187-3104-40F6-B279-C2178C007AF7}.R_Sethia|x86.Build.0 = R_Sethia|Win32
	EndGlobalSection
	GlobalSection(SolutionProperties) = preSolution
		HideSolutionNode = FALSE
	EndGlobalSection
	GlobalSection(ExtensibilityGlobals) = postSolution
		SolutionGuid = {0C1EACC1-1E18-4CD6-880F-B45600A3B191}
	EndGlobalSection
EndGlobal
